
Microsoft Visual Studio Solution File, Format Version 12.00
# Visual Studio Version 17
VisualStudioVersion = 17.7.34003.232
MinimumVisualStudioVersion = 10.0.40219.1
Project("{FAE04EC0-301F-11D3-BF4B-00C04F79EFBC}") = "TicTacToe", "TicTacToe\TicTacToe.csproj", "{42802FED-AA7D-4AA5-AE85-882E4BC3637D}"
EndProject
Global
	GlobalSection(SolutionConfigurationPlatforms) = preSolution
		Debug|Any CPU = Debug|Any CPU
		Release|Any CPU = Release|Any CPU
	EndGlobalSection
	GlobalSection(ProjectConfigurationPlatforms) = postSolution
		{42802FED-AA7D-4AA5-AE85-882E4BC3637D}.Debug|Any CPU.ActiveCfg = Debug|Any CPU
		{42802FED-AA7D-4AA5-AE85-882E4BC3637D}.Debug|Any CPU.Build.0 = Debug|Any CPU
		{42802FED-AA7D-4AA5-AE85-882E4BC3637D}.Release|Any CPU.ActiveCfg = Release|Any CPU
		{42802FED-AA7D-4AA5-AE85-882E4BC3637D}.Release|Any CPU.Build.0 = Release|Any CPU
	EndGlobalSection
	GlobalSection(SolutionProperties) = preSolution
		HideSolutionNode = FALSE
	EndGlobalSection
	GlobalSection(ExtensibilityGlobals) = postSolution
		SolutionGuid = {7BFC6EDC-1B9F-4321-9D41-09E6DDDE4956}
	EndGlobalSection
EndGlobal
